
Microsoft Visual Studio Solution File, Format Version 12.00
# Visual Studio Version 16
VisualStudioVersion = 16.0.30717.126
MinimumVisualStudioVersion = 10.0.40219.1
Project("{FAE04EC0-301F-11D3-BF4B-00C04F79EFBC}") = "Lesson4", "Lesson4.csproj", "{67BE3883-A2C7-4232-B121-8C8EEA996687}"
EndProject
Project("{FAE04EC0-301F-11D3-BF4B-00C04F79EFBC}") = "ArrayClassLibrary", "..\ArrayClassLibrary\ArrayClassLibrary.csproj", "{4DF58B9B-0A55-4E8F-A995-5FFAA62E8EA5}"
EndProject
Global
	GlobalSection(SolutionConfigurationPlatforms) = preSolution
		Debug|Any CPU = Debug|Any CPU
		Release|Any CPU = Release|Any CPU
	EndGlobalSection
	GlobalSection(ProjectConfigurationPlatforms) = postSolution
		{67BE3883-A2C7-4232-B121-8C8EEA996687}.Debug|Any CPU.ActiveCfg = Debug|Any CPU
		{67BE3883-A2C7-4232-B121-8C8EEA996687}.Debug|Any CPU.Build.0 = Debug|Any CPU
		{67BE3883-A2C7-4232-B121-8C8EEA996687}.Release|Any CPU.ActiveCfg = Release|Any CPU
		{67BE3883-A2C7-4232-B121-8C8EEA996687}.Release|Any CPU.Build.0 = Release|Any CPU
		{4DF58B9B-0A55-4E8F-A995-5FFAA62E8EA5}.Debug|Any CPU.ActiveCfg = Debug|Any CPU
		{4DF58B9B-0A55-4E8F-A995-5FFAA62E8EA5}.Debug|Any CPU.Build.0 = Debug|Any CPU
		{4DF58B9B-0A55-4E8F-A995-5FFAA62E8EA5}.Release|Any CPU.ActiveCfg = Release|Any CPU
		{4DF58B9B-0A55-4E8F-A995-5FFAA62E8EA5}.Release|Any CPU.Build.0 = Release|Any CPU
	EndGlobalSection
	GlobalSection(SolutionProperties) = preSolution
		HideSolutionNode = FALSE
	EndGlobalSection
	GlobalSection(ExtensibilityGlobals) = postSolution
		SolutionGuid = {C32F93C0-5244-4860-A9F3-294AE63A297E}
	EndGlobalSection
EndGlobal
